// !$*UTF8*$!
{
	archiveVersion = 1;
	classes = {
	};
	objectVersion = 56;
	objects = {

/* Begin PBXBuildFile section */
		A72017452B473B4E00ADB74E /* CategoryListItemView.swift in Sources */ = {isa = PBXBuildFile; fileRef = A72017442B473B4E00ADB74E /* CategoryListItemView.swift */; };
		A72017472B473D3400ADB74E /* CategoryVerticalListView.swift in Sources */ = {isa = PBXBuildFile; fileRef = A72017462B473D3400ADB74E /* CategoryVerticalListView.swift */; };
		A72017492B47437300ADB74E /* TimerView.swift in Sources */ = {isa = PBXBuildFile; fileRef = A72017482B47437300ADB74E /* TimerView.swift */; };
		A720174B2B4743F400ADB74E /* Quote.swift in Sources */ = {isa = PBXBuildFile; fileRef = A720174A2B4743F400ADB74E /* Quote.swift */; };
		A72ED76D2B3F164300507246 /* CategoryOpenCardView.swift in Sources */ = {isa = PBXBuildFile; fileRef = A72ED76C2B3F164300507246 /* CategoryOpenCardView.swift */; };
		A74E534A2B33FC6B00914B63 /* AddSessionView.swift in Sources */ = {isa = PBXBuildFile; fileRef = A74E53492B33FC6B00914B63 /* AddSessionView.swift */; };
		A74E534C2B34087200914B63 /* CategoryView.swift in Sources */ = {isa = PBXBuildFile; fileRef = A74E534B2B34087200914B63 /* CategoryView.swift */; };
		A74E534F2B35297100914B63 /* SessionOpenCardView.swift in Sources */ = {isa = PBXBuildFile; fileRef = A74E534E2B35297100914B63 /* SessionOpenCardView.swift */; };
		A74E53522B3614E100914B63 /* MCEmojiPicker in Frameworks */ = {isa = PBXBuildFile; productRef = A74E53512B3614E100914B63 /* MCEmojiPicker */; };
		A76A155D2B33988200E37D54 /* TintColor.swift in Sources */ = {isa = PBXBuildFile; fileRef = A76A155C2B33988200E37D54 /* TintColor.swift */; };
		A76A15602B339AA800E37D54 /* Constants.swift in Sources */ = {isa = PBXBuildFile; fileRef = A76A155F2B339AA800E37D54 /* Constants.swift */; };
		A76A15622B33DCDD00E37D54 /* HomeView.swift in Sources */ = {isa = PBXBuildFile; fileRef = A76A15612B33DCDD00E37D54 /* HomeView.swift */; };
		A76A15652B33DD4B00E37D54 /* EditCategoryView.swift in Sources */ = {isa = PBXBuildFile; fileRef = A76A15642B33DD4B00E37D54 /* EditCategoryView.swift */; };
		A76A15672B33E71500E37D54 /* CategoryList.swift in Sources */ = {isa = PBXBuildFile; fileRef = A76A15662B33E71500E37D54 /* CategoryList.swift */; };
		A79D4AF92B3264370086F0D6 /* SessionTrackerApp.swift in Sources */ = {isa = PBXBuildFile; fileRef = A79D4AF82B3264370086F0D6 /* SessionTrackerApp.swift */; };
		A79D4AFB2B3264370086F0D6 /* ContentView.swift in Sources */ = {isa = PBXBuildFile; fileRef = A79D4AFA2B3264370086F0D6 /* ContentView.swift */; };
		A79D4AFD2B3264380086F0D6 /* Assets.xcassets in Resources */ = {isa = PBXBuildFile; fileRef = A79D4AFC2B3264380086F0D6 /* Assets.xcassets */; };
		A79D4B002B3264380086F0D6 /* Preview Assets.xcassets in Resources */ = {isa = PBXBuildFile; fileRef = A79D4AFF2B3264380086F0D6 /* Preview Assets.xcassets */; };
		A79D4B082B3265060086F0D6 /* Category.swift in Sources */ = {isa = PBXBuildFile; fileRef = A79D4B072B3265060086F0D6 /* Category.swift */; };
		A79D4B0A2B3265440086F0D6 /* Session.swift in Sources */ = {isa = PBXBuildFile; fileRef = A79D4B092B3265440086F0D6 /* Session.swift */; };
		A7BDCA042B48A1F800881F7A /* ClockView.swift in Sources */ = {isa = PBXBuildFile; fileRef = A7BDCA032B48A1F800881F7A /* ClockView.swift */; };
		A7BDCA062B48A3DD00881F7A /* TimerButton.swift in Sources */ = {isa = PBXBuildFile; fileRef = A7BDCA052B48A3DD00881F7A /* TimerButton.swift */; };
		A7C74EC22B464ED9002E3655 /* AllSessionsListView.swift in Sources */ = {isa = PBXBuildFile; fileRef = A7C74EC12B464ED9002E3655 /* AllSessionsListView.swift */; };
		A7C74EC42B465558002E3655 /* RecentSessionView.swift in Sources */ = {isa = PBXBuildFile; fileRef = A7C74EC32B465558002E3655 /* RecentSessionView.swift */; };
/* End PBXBuildFile section */

/* Begin PBXFileReference section */
		A72017442B473B4E00ADB74E /* CategoryListItemView.swift */ = {isa = PBXFileReference; lastKnownFileType = sourcecode.swift; path = CategoryListItemView.swift; sourceTree = "<group>"; };
		A72017462B473D3400ADB74E /* CategoryVerticalListView.swift */ = {isa = PBXFileReference; lastKnownFileType = sourcecode.swift; path = CategoryVerticalListView.swift; sourceTree = "<group>"; };
		A72017482B47437300ADB74E /* TimerView.swift */ = {isa = PBXFileReference; lastKnownFileType = sourcecode.swift; path = TimerView.swift; sourceTree = "<group>"; };
		A720174A2B4743F400ADB74E /* Quote.swift */ = {isa = PBXFileReference; lastKnownFileType = sourcecode.swift; path = Quote.swift; sourceTree = "<group>"; };
		A72ED76C2B3F164300507246 /* CategoryOpenCardView.swift */ = {isa = PBXFileReference; lastKnownFileType = sourcecode.swift; path = CategoryOpenCardView.swift; sourceTree = "<group>"; };
		A74E53492B33FC6B00914B63 /* AddSessionView.swift */ = {isa = PBXFileReference; lastKnownFileType = sourcecode.swift; path = AddSessionView.swift; sourceTree = "<group>"; };
		A74E534B2B34087200914B63 /* CategoryView.swift */ = {isa = PBXFileReference; lastKnownFileType = sourcecode.swift; path = CategoryView.swift; sourceTree = "<group>"; };
		A74E534E2B35297100914B63 /* SessionOpenCardView.swift */ = {isa = PBXFileReference; lastKnownFileType = sourcecode.swift; path = SessionOpenCardView.swift; sourceTree = "<group>"; };
		A76A155C2B33988200E37D54 /* TintColor.swift */ = {isa = PBXFileReference; lastKnownFileType = sourcecode.swift; path = TintColor.swift; sourceTree = "<group>"; };
		A76A155F2B339AA800E37D54 /* Constants.swift */ = {isa = PBXFileReference; lastKnownFileType = sourcecode.swift; path = Constants.swift; sourceTree = "<group>"; };
		A76A15612B33DCDD00E37D54 /* HomeView.swift */ = {isa = PBXFileReference; lastKnownFileType = sourcecode.swift; path = HomeView.swift; sourceTree = "<group>"; };
		A76A15642B33DD4B00E37D54 /* EditCategoryView.swift */ = {isa = PBXFileReference; lastKnownFileType = sourcecode.swift; path = EditCategoryView.swift; sourceTree = "<group>"; };
		A76A15662B33E71500E37D54 /* CategoryList.swift */ = {isa = PBXFileReference; lastKnownFileType = sourcecode.swift; path = CategoryList.swift; sourceTree = "<group>"; };
		A79D4AF52B3264370086F0D6 /* SessionTracker.app */ = {isa = PBXFileReference; explicitFileType = wrapper.application; includeInIndex = 0; path = SessionTracker.app; sourceTree = BUILT_PRODUCTS_DIR; };
		A79D4AF82B3264370086F0D6 /* SessionTrackerApp.swift */ = {isa = PBXFileReference; lastKnownFileType = sourcecode.swift; path = SessionTrackerApp.swift; sourceTree = "<group>"; };
		A79D4AFA2B3264370086F0D6 /* ContentView.swift */ = {isa = PBXFileReference; lastKnownFileType = sourcecode.swift; path = ContentView.swift; sourceTree = "<group>"; };
		A79D4AFC2B3264380086F0D6 /* Assets.xcassets */ = {isa = PBXFileReference; lastKnownFileType = folder.assetcatalog; path = Assets.xcassets; sourceTree = "<group>"; };
		A79D4AFF2B3264380086F0D6 /* Preview Assets.xcassets */ = {isa = PBXFileReference; lastKnownFileType = folder.assetcatalog; path = "Preview Assets.xcassets"; sourceTree = "<group>"; };
		A79D4B072B3265060086F0D6 /* Category.swift */ = {isa = PBXFileReference; lastKnownFileType = sourcecode.swift; path = Category.swift; sourceTree = "<group>"; };
		A79D4B092B3265440086F0D6 /* Session.swift */ = {isa = PBXFileReference; lastKnownFileType = sourcecode.swift; path = Session.swift; sourceTree = "<group>"; };
		A7BDCA032B48A1F800881F7A /* ClockView.swift */ = {isa = PBXFileReference; lastKnownFileType = sourcecode.swift; path = ClockView.swift; sourceTree = "<group>"; };
		A7BDCA052B48A3DD00881F7A /* TimerButton.swift */ = {isa = PBXFileReference; lastKnownFileType = sourcecode.swift; path = TimerButton.swift; sourceTree = "<group>"; };
		A7C74EC12B464ED9002E3655 /* AllSessionsListView.swift */ = {isa = PBXFileReference; lastKnownFileType = sourcecode.swift; path = AllSessionsListView.swift; sourceTree = "<group>"; };
		A7C74EC32B465558002E3655 /* RecentSessionView.swift */ = {isa = PBXFileReference; lastKnownFileType = sourcecode.swift; path = RecentSessionView.swift; sourceTree = "<group>"; };
/* End PBXFileReference section */

/* Begin PBXFrameworksBuildPhase section */
		A79D4AF22B3264370086F0D6 /* Frameworks */ = {
			isa = PBXFrameworksBuildPhase;
			buildActionMask = 2147483647;
			files = (
				A74E53522B3614E100914B63 /* MCEmojiPicker in Frameworks */,
			);
			runOnlyForDeploymentPostprocessing = 0;
		};
/* End PBXFrameworksBuildPhase section */

/* Begin PBXGroup section */
		A74E534D2B35294600914B63 /* Components */ = {
			isa = PBXGroup;
			children = (
				A74E534E2B35297100914B63 /* SessionOpenCardView.swift */,
				A72ED76C2B3F164300507246 /* CategoryOpenCardView.swift */,
				A7C74EC32B465558002E3655 /* RecentSessionView.swift */,
				A72017442B473B4E00ADB74E /* CategoryListItemView.swift */,
				A7BDCA032B48A1F800881F7A /* ClockView.swift */,
				A7BDCA052B48A3DD00881F7A /* TimerButton.swift */,
			);
			path = Components;
			sourceTree = "<group>";
		};
		A76A155E2B339A9800E37D54 /* Helpers */ = {
			isa = PBXGroup;
			children = (
				A76A155F2B339AA800E37D54 /* Constants.swift */,
			);
			path = Helpers;
			sourceTree = "<group>";
		};
		A76A15632B33DD0000E37D54 /* Views */ = {
			isa = PBXGroup;
			children = (
				A79D4AFA2B3264370086F0D6 /* ContentView.swift */,
				A76A15612B33DCDD00E37D54 /* HomeView.swift */,
				A76A15642B33DD4B00E37D54 /* EditCategoryView.swift */,
				A76A15662B33E71500E37D54 /* CategoryList.swift */,
				A74E53492B33FC6B00914B63 /* AddSessionView.swift */,
				A74E534B2B34087200914B63 /* CategoryView.swift */,
				A7C74EC12B464ED9002E3655 /* AllSessionsListView.swift */,
				A72017462B473D3400ADB74E /* CategoryVerticalListView.swift */,
				A72017482B47437300ADB74E /* TimerView.swift */,
			);
			path = Views;
			sourceTree = "<group>";
		};
		A79D4AEC2B3264370086F0D6 = {
			isa = PBXGroup;
			children = (
				A79D4AF72B3264370086F0D6 /* SessionTracker */,
				A79D4AF62B3264370086F0D6 /* Products */,
			);
			sourceTree = "<group>";
		};
		A79D4AF62B3264370086F0D6 /* Products */ = {
			isa = PBXGroup;
			children = (
				A79D4AF52B3264370086F0D6 /* SessionTracker.app */,
			);
			name = Products;
			sourceTree = "<group>";
		};
		A79D4AF72B3264370086F0D6 /* SessionTracker */ = {
			isa = PBXGroup;
			children = (
				A79D4B062B3264F50086F0D6 /* Model */,
				A74E534D2B35294600914B63 /* Components */,
				A76A15632B33DD0000E37D54 /* Views */,
				A76A155E2B339A9800E37D54 /* Helpers */,
				A79D4AF82B3264370086F0D6 /* SessionTrackerApp.swift */,
				A79D4AFC2B3264380086F0D6 /* Assets.xcassets */,
				A79D4AFE2B3264380086F0D6 /* Preview Content */,
			);
			path = SessionTracker;
			sourceTree = "<group>";
		};
		A79D4AFE2B3264380086F0D6 /* Preview Content */ = {
			isa = PBXGroup;
			children = (
				A79D4AFF2B3264380086F0D6 /* Preview Assets.xcassets */,
			);
			path = "Preview Content";
			sourceTree = "<group>";
		};
		A79D4B062B3264F50086F0D6 /* Model */ = {
			isa = PBXGroup;
			children = (
				A79D4B072B3265060086F0D6 /* Category.swift */,
				A79D4B092B3265440086F0D6 /* Session.swift */,
				A76A155C2B33988200E37D54 /* TintColor.swift */,
				A720174A2B4743F400ADB74E /* Quote.swift */,
			);
			path = Model;
			sourceTree = "<group>";
		};
/* End PBXGroup section */

/* Begin PBXNativeTarget section */
		A79D4AF42B3264370086F0D6 /* SessionTracker */ = {
			isa = PBXNativeTarget;
			buildConfigurationList = A79D4B032B3264380086F0D6 /* Build configuration list for PBXNativeTarget "SessionTracker" */;
			buildPhases = (
				A79D4AF12B3264370086F0D6 /* Sources */,
				A79D4AF22B3264370086F0D6 /* Frameworks */,
				A79D4AF32B3264370086F0D6 /* Resources */,
			);
			buildRules = (
			);
			dependencies = (
			);
			name = SessionTracker;
			packageProductDependencies = (
				A74E53512B3614E100914B63 /* MCEmojiPicker */,
			);
			productName = SessionTracker;
			productReference = A79D4AF52B3264370086F0D6 /* SessionTracker.app */;
			productType = "com.apple.product-type.application";
		};
/* End PBXNativeTarget section */

/* Begin PBXProject section */
		A79D4AED2B3264370086F0D6 /* Project object */ = {
			isa = PBXProject;
			attributes = {
				BuildIndependentTargetsInParallel = 1;
				LastSwiftUpdateCheck = 1500;
				LastUpgradeCheck = 1500;
				TargetAttributes = {
					A79D4AF42B3264370086F0D6 = {
						CreatedOnToolsVersion = 15.0;
					};
				};
			};
			buildConfigurationList = A79D4AF02B3264370086F0D6 /* Build configuration list for PBXProject "SessionTracker" */;
			compatibilityVersion = "Xcode 14.0";
			developmentRegion = en;
			hasScannedForEncodings = 0;
			knownRegions = (
				en,
				Base,
			);
			mainGroup = A79D4AEC2B3264370086F0D6;
			packageReferences = (
				A74E53502B3614E100914B63 /* XCRemoteSwiftPackageReference "MCEmojiPicker" */,
			);
			productRefGroup = A79D4AF62B3264370086F0D6 /* Products */;
			projectDirPath = "";
			projectRoot = "";
			targets = (
				A79D4AF42B3264370086F0D6 /* SessionTracker */,
			);
		};
/* End PBXProject section */

/* Begin PBXResourcesBuildPhase section */
		A79D4AF32B3264370086F0D6 /* Resources */ = {
			isa = PBXResourcesBuildPhase;
			buildActionMask = 2147483647;
			files = (
				A79D4B002B3264380086F0D6 /* Preview Assets.xcassets in Resources */,
				A79D4AFD2B3264380086F0D6 /* Assets.xcassets in Resources */,
			);
			runOnlyForDeploymentPostprocessing = 0;
		};
/* End PBXResourcesBuildPhase section */

/* Begin PBXSourcesBuildPhase section */
		A79D4AF12B3264370086F0D6 /* Sources */ = {
			isa = PBXSourcesBuildPhase;
			buildActionMask = 2147483647;
			files = (
				A72017492B47437300ADB74E /* TimerView.swift in Sources */,
				A79D4B0A2B3265440086F0D6 /* Session.swift in Sources */,
				A72017472B473D3400ADB74E /* CategoryVerticalListView.swift in Sources */,
				A76A15622B33DCDD00E37D54 /* HomeView.swift in Sources */,
				A76A15652B33DD4B00E37D54 /* EditCategoryView.swift in Sources */,
				A7C74EC22B464ED9002E3655 /* AllSessionsListView.swift in Sources */,
				A74E534A2B33FC6B00914B63 /* AddSessionView.swift in Sources */,
				A7BDCA062B48A3DD00881F7A /* TimerButton.swift in Sources */,
				A79D4AFB2B3264370086F0D6 /* ContentView.swift in Sources */,
				A74E534C2B34087200914B63 /* CategoryView.swift in Sources */,
				A7C74EC42B465558002E3655 /* RecentSessionView.swift in Sources */,
				A79D4AF92B3264370086F0D6 /* SessionTrackerApp.swift in Sources */,
				A720174B2B4743F400ADB74E /* Quote.swift in Sources */,
				A72017452B473B4E00ADB74E /* CategoryListItemView.swift in Sources */,
				A76A155D2B33988200E37D54 /* TintColor.swift in Sources */,
				A7BDCA042B48A1F800881F7A /* ClockView.swift in Sources */,
				A72ED76D2B3F164300507246 /* CategoryOpenCardView.swift in Sources */,
				A79D4B082B3265060086F0D6 /* Category.swift in Sources */,
				A76A15602B339AA800E37D54 /* Constants.swift in Sources */,
				A76A15672B33E71500E37D54 /* CategoryList.swift in Sources */,
				A74E534F2B35297100914B63 /* SessionOpenCardView.swift in Sources */,
			);
			runOnlyForDeploymentPostprocessing = 0;
		};
/* End PBXSourcesBuildPhase section */

/* Begin XCBuildConfiguration section */
		A79D4B012B3264380086F0D6 /* Debug */ = {
			isa = XCBuildConfiguration;
			buildSettings = {
				ALWAYS_SEARCH_USER_PATHS = NO;
				ASSETCATALOG_COMPILER_GENERATE_SWIFT_ASSET_SYMBOL_EXTENSIONS = YES;
				CLANG_ANALYZER_NONNULL = YES;
				CLANG_ANALYZER_NUMBER_OBJECT_CONVERSION = YES_AGGRESSIVE;
				CLANG_CXX_LANGUAGE_STANDARD = "gnu++20";
				CLANG_ENABLE_MODULES = YES;
				CLANG_ENABLE_OBJC_ARC = YES;
				CLANG_ENABLE_OBJC_WEAK = YES;
				CLANG_WARN_BLOCK_CAPTURE_AUTORELEASING = YES;
				CLANG_WARN_BOOL_CONVERSION = YES;
				CLANG_WARN_COMMA = YES;
				CLANG_WARN_CONSTANT_CONVERSION = YES;
				CLANG_WARN_DEPRECATED_OBJC_IMPLEMENTATIONS = YES;
				CLANG_WARN_DIRECT_OBJC_ISA_USAGE = YES_ERROR;
				CLANG_WARN_DOCUMENTATION_COMMENTS = YES;
				CLANG_WARN_EMPTY_BODY = YES;
				CLANG_WARN_ENUM_CONVERSION = YES;
				CLANG_WARN_INFINITE_RECURSION = YES;
				CLANG_WARN_INT_CONVERSION = YES;
				CLANG_WARN_NON_LITERAL_NULL_CONVERSION = YES;
				CLANG_WARN_OBJC_IMPLICIT_RETAIN_SELF = YES;
				CLANG_WARN_OBJC_LITERAL_CONVERSION = YES;
				CLANG_WARN_OBJC_ROOT_CLASS = YES_ERROR;
				CLANG_WARN_QUOTED_INCLUDE_IN_FRAMEWORK_HEADER = YES;
				CLANG_WARN_RANGE_LOOP_ANALYSIS = YES;
				CLANG_WARN_STRICT_PROTOTYPES = YES;
				CLANG_WARN_SUSPICIOUS_MOVE = YES;
				CLANG_WARN_UNGUARDED_AVAILABILITY = YES_AGGRESSIVE;
				CLANG_WARN_UNREACHABLE_CODE = YES;
				CLANG_WARN__DUPLICATE_METHOD_MATCH = YES;
				COPY_PHASE_STRIP = NO;
				DEBUG_INFORMATION_FORMAT = dwarf;
				ENABLE_STRICT_OBJC_MSGSEND = YES;
				ENABLE_TESTABILITY = YES;
				ENABLE_USER_SCRIPT_SANDBOXING = YES;
				GCC_C_LANGUAGE_STANDARD = gnu17;
				GCC_DYNAMIC_NO_PIC = NO;
				GCC_NO_COMMON_BLOCKS = YES;
				GCC_OPTIMIZATION_LEVEL = 0;
				GCC_PREPROCESSOR_DEFINITIONS = (
					"DEBUG=1",
					"$(inherited)",
				);
				GCC_WARN_64_TO_32_BIT_CONVERSION = YES;
				GCC_WARN_ABOUT_RETURN_TYPE = YES_ERROR;
				GCC_WARN_UNDECLARED_SELECTOR = YES;
				GCC_WARN_UNINITIALIZED_AUTOS = YES_AGGRESSIVE;
				GCC_WARN_UNUSED_FUNCTION = YES;
				GCC_WARN_UNUSED_VARIABLE = YES;
				IPHONEOS_DEPLOYMENT_TARGET = 17.0;
				LOCALIZATION_PREFERS_STRING_CATALOGS = YES;
				MTL_ENABLE_DEBUG_INFO = INCLUDE_SOURCE;
				MTL_FAST_MATH = YES;
				ONLY_ACTIVE_ARCH = YES;
				SDKROOT = iphoneos;
				SWIFT_ACTIVE_COMPILATION_CONDITIONS = "DEBUG $(inherited)";
				SWIFT_OPTIMIZATION_LEVEL = "-Onone";
			};
			name = Debug;
		};
		A79D4B022B3264380086F0D6 /* Release */ = {
			isa = XCBuildConfiguration;
			buildSettings = {
				ALWAYS_SEARCH_USER_PATHS = NO;
				ASSETCATALOG_COMPILER_GENERATE_SWIFT_ASSET_SYMBOL_EXTENSIONS = YES;
				CLANG_ANALYZER_NONNULL = YES;
				CLANG_ANALYZER_NUMBER_OBJECT_CONVERSION = YES_AGGRESSIVE;
				CLANG_CXX_LANGUAGE_STANDARD = "gnu++20";
				CLANG_ENABLE_MODULES = YES;
				CLANG_ENABLE_OBJC_ARC = YES;
				CLANG_ENABLE_OBJC_WEAK = YES;
				CLANG_WARN_BLOCK_CAPTURE_AUTORELEASING = YES;
				CLANG_WARN_BOOL_CONVERSION = YES;
				CLANG_WARN_COMMA = YES;
				CLANG_WARN_CONSTANT_CONVERSION = YES;
				CLANG_WARN_DEPRECATED_OBJC_IMPLEMENTATIONS = YES;
				CLANG_WARN_DIRECT_OBJC_ISA_USAGE = YES_ERROR;
				CLANG_WARN_DOCUMENTATION_COMMENTS = YES;
				CLANG_WARN_EMPTY_BODY = YES;
				CLANG_WARN_ENUM_CONVERSION = YES;
				CLANG_WARN_INFINITE_RECURSION = YES;
				CLANG_WARN_INT_CONVERSION = YES;
				CLANG_WARN_NON_LITERAL_NULL_CONVERSION = YES;
				CLANG_WARN_OBJC_IMPLICIT_RETAIN_SELF = YES;
				CLANG_WARN_OBJC_LITERAL_CONVERSION = YES;
				CLANG_WARN_OBJC_ROOT_CLASS = YES_ERROR;
				CLANG_WARN_QUOTED_INCLUDE_IN_FRAMEWORK_HEADER = YES;
				CLANG_WARN_RANGE_LOOP_ANALYSIS = YES;
				CLANG_WARN_STRICT_PROTOTYPES = YES;
				CLANG_WARN_SUSPICIOUS_MOVE = YES;
				CLANG_WARN_UNGUARDED_AVAILABILITY = YES_AGGRESSIVE;
				CLANG_WARN_UNREACHABLE_CODE = YES;
				CLANG_WARN__DUPLICATE_METHOD_MATCH = YES;
				COPY_PHASE_STRIP = NO;
				DEBUG_INFORMATION_FORMAT = "dwarf-with-dsym";
				ENABLE_NS_ASSERTIONS = NO;
				ENABLE_STRICT_OBJC_MSGSEND = YES;
				ENABLE_USER_SCRIPT_SANDBOXING = YES;
				GCC_C_LANGUAGE_STANDARD = gnu17;
				GCC_NO_COMMON_BLOCKS = YES;
				GCC_WARN_64_TO_32_BIT_CONVERSION = YES;
				GCC_WARN_ABOUT_RETURN_TYPE = YES_ERROR;
				GCC_WARN_UNDECLARED_SELECTOR = YES;
				GCC_WARN_UNINITIALIZED_AUTOS = YES_AGGRESSIVE;
				GCC_WARN_UNUSED_FUNCTION = YES;
				GCC_WARN_UNUSED_VARIABLE = YES;
				IPHONEOS_DEPLOYMENT_TARGET = 17.0;
				LOCALIZATION_PREFERS_STRING_CATALOGS = YES;
				MTL_ENABLE_DEBUG_INFO = NO;
				MTL_FAST_MATH = YES;
				SDKROOT = iphoneos;
				SWIFT_COMPILATION_MODE = wholemodule;
				VALIDATE_PRODUCT = YES;
			};
			name = Release;
		};
		A79D4B042B3264380086F0D6 /* Debug */ = {
			isa = XCBuildConfiguration;
			buildSettings = {
				ASSETCATALOG_COMPILER_APPICON_NAME = AppIcon;
				ASSETCATALOG_COMPILER_GLOBAL_ACCENT_COLOR_NAME = AccentColor;
				CODE_SIGN_STYLE = Automatic;
				CURRENT_PROJECT_VERSION = 1;
				DEVELOPMENT_ASSET_PATHS = "\"SessionTracker/Preview Content\"";
				DEVELOPMENT_TEAM = U6ZXY7569L;
				ENABLE_PREVIEWS = YES;
				GENERATE_INFOPLIST_FILE = YES;
				INFOPLIST_KEY_UIApplicationSceneManifest_Generation = YES;
				INFOPLIST_KEY_UIApplicationSupportsIndirectInputEvents = YES;
				INFOPLIST_KEY_UILaunchScreen_Generation = YES;
				INFOPLIST_KEY_UISupportedInterfaceOrientations_iPad = "UIInterfaceOrientationPortrait UIInterfaceOrientationPortraitUpsideDown UIInterfaceOrientationLandscapeLeft UIInterfaceOrientationLandscapeRight";
				INFOPLIST_KEY_UISupportedInterfaceOrientations_iPhone = "UIInterfaceOrientationPortrait UIInterfaceOrientationLandscapeLeft UIInterfaceOrientationLandscapeRight";
				LD_RUNPATH_SEARCH_PATHS = (
					"$(inherited)",
					"@executable_path/Frameworks",
				);
				MARKETING_VERSION = 1.0;
				PRODUCT_BUNDLE_IDENTIFIER = com.andreaoquendo.SessionTracker;
				PRODUCT_NAME = "$(TARGET_NAME)";
				SWIFT_EMIT_LOC_STRINGS = YES;
				SWIFT_VERSION = 5.0;
				TARGETED_DEVICE_FAMILY = "1,2";
			};
			name = Debug;
		};
		A79D4B052B3264380086F0D6 /* Release */ = {
			isa = XCBuildConfiguration;
			buildSettings = {
				ASSETCATALOG_COMPILER_APPICON_NAME = AppIcon;
				ASSETCATALOG_COMPILER_GLOBAL_ACCENT_COLOR_NAME = AccentColor;
				CODE_SIGN_STYLE = Automatic;
				CURRENT_PROJECT_VERSION = 1;
				DEVELOPMENT_ASSET_PATHS = "\"SessionTracker/Preview Content\"";
				DEVELOPMENT_TEAM = U6ZXY7569L;
				ENABLE_PREVIEWS = YES;
				GENERATE_INFOPLIST_FILE = YES;
				INFOPLIST_KEY_UIApplicationSceneManifest_Generation = YES;
				INFOPLIST_KEY_UIApplicationSupportsIndirectInputEvents = YES;
				INFOPLIST_KEY_UILaunchScreen_Generation = YES;
				INFOPLIST_KEY_UISupportedInterfaceOrientations_iPad = "UIInterfaceOrientationPortrait UIInterfaceOrientationPortraitUpsideDown UIInterfaceOrientationLandscapeLeft UIInterfaceOrientationLandscapeRight";
				INFOPLIST_KEY_UISupportedInterfaceOrientations_iPhone = "UIInterfaceOrientationPortrait UIInterfaceOrientationLandscapeLeft UIInterfaceOrientationLandscapeRight";
				LD_RUNPATH_SEARCH_PATHS = (
					"$(inherited)",
					"@executable_path/Frameworks",
				);
				MARKETING_VERSION = 1.0;
				PRODUCT_BUNDLE_IDENTIFIER = com.andreaoquendo.SessionTracker;
				PRODUCT_NAME = "$(TARGET_NAME)";
				SWIFT_EMIT_LOC_STRINGS = YES;
				SWIFT_VERSION = 5.0;
				TARGETED_DEVICE_FAMILY = "1,2";
			};
			name = Release;
		};
/* End XCBuildConfiguration section */

/* Begin XCConfigurationList section */
		A79D4AF02B3264370086F0D6 /* Build configuration list for PBXProject "SessionTracker" */ = {
			isa = XCConfigurationList;
			buildConfigurations = (
				A79D4B012B3264380086F0D6 /* Debug */,
				A79D4B022B3264380086F0D6 /* Release */,
			);
			defaultConfigurationIsVisible = 0;
			defaultConfigurationName = Release;
		};
		A79D4B032B3264380086F0D6 /* Build configuration list for PBXNativeTarget "SessionTracker" */ = {
			isa = XCConfigurationList;
			buildConfigurations = (
				A79D4B042B3264380086F0D6 /* Debug */,
				A79D4B052B3264380086F0D6 /* Release */,
			);
			defaultConfigurationIsVisible = 0;
			defaultConfigurationName = Release;
		};
/* End XCConfigurationList section */

/* Begin XCRemoteSwiftPackageReference section */
		A74E53502B3614E100914B63 /* XCRemoteSwiftPackageReference "MCEmojiPicker" */ = {
			isa = XCRemoteSwiftPackageReference;
			repositoryURL = "https://github.com/izyumkin/MCEmojiPicker";
			requirement = {
				kind = upToNextMajorVersion;
				minimumVersion = 1.2.3;
			};
		};
/* End XCRemoteSwiftPackageReference section */

/* Begin XCSwiftPackageProductDependency section */
		A74E53512B3614E100914B63 /* MCEmojiPicker */ = {
			isa = XCSwiftPackageProductDependency;
			package = A74E53502B3614E100914B63 /* XCRemoteSwiftPackageReference "MCEmojiPicker" */;
			productName = MCEmojiPicker;
		};
/* End XCSwiftPackageProductDependency section */
	};
	rootObject = A79D4AED2B3264370086F0D6 /* Project object */;
}
